
Microsoft Visual Studio Solution File, Format Version 12.00
# Visual Studio Version 16
VisualStudioVersion = 16.0.29806.167
MinimumVisualStudioVersion = 10.0.40219.1
Project("{FAE04EC0-301F-11D3-BF4B-00C04F79EFBC}") = "JsonMetanit.2", "JsonMetanit.2\JsonMetanit.2.csproj", "{6E7C71DA-956C-4C99-8616-A0EBAAB3E4BF}"
EndProject
Global
	GlobalSection(SolutionConfigurationPlatforms) = preSolution
		Debug|Any CPU = Debug|Any CPU
		Release|Any CPU = Release|Any CPU
	EndGlobalSection
	GlobalSection(ProjectConfigurationPlatforms) = postSolution
		{6E7C71DA-956C-4C99-8616-A0EBAAB3E4BF}.Debug|Any CPU.ActiveCfg = Debug|Any CPU
		{6E7C71DA-956C-4C99-8616-A0EBAAB3E4BF}.Debug|Any CPU.Build.0 = Debug|Any CPU
		{6E7C71DA-956C-4C99-8616-A0EBAAB3E4BF}.Release|Any CPU.ActiveCfg = Release|Any CPU
		{6E7C71DA-956C-4C99-8616-A0EBAAB3E4BF}.Release|Any CPU.Build.0 = Release|Any CPU
	EndGlobalSection
	GlobalSection(SolutionProperties) = preSolution
		HideSolutionNode = FALSE
	EndGlobalSection
	GlobalSection(ExtensibilityGlobals) = postSolution
		SolutionGuid = {F1501FBC-F068-4275-A3E3-021EC7956FE1}
	EndGlobalSection
EndGlobal
