
Microsoft Visual Studio Solution File, Format Version 12.00
# Visual Studio Version 16
VisualStudioVersion = 16.0.29613.14
MinimumVisualStudioVersion = 10.0.40219.1
Project("{FAE04EC0-301F-11D3-BF4B-00C04F79EFBC}") = "Troelsen_enum", "Troelsen_enum\Troelsen_enum.csproj", "{4749CD13-D260-4D6B-90C5-20FF30BF9EA9}"
EndProject
Global
	GlobalSection(SolutionConfigurationPlatforms) = preSolution
		Debug|Any CPU = Debug|Any CPU
		Release|Any CPU = Release|Any CPU
	EndGlobalSection
	GlobalSection(ProjectConfigurationPlatforms) = postSolution
		{4749CD13-D260-4D6B-90C5-20FF30BF9EA9}.Debug|Any CPU.ActiveCfg = Debug|Any CPU
		{4749CD13-D260-4D6B-90C5-20FF30BF9EA9}.Debug|Any CPU.Build.0 = Debug|Any CPU
		{4749CD13-D260-4D6B-90C5-20FF30BF9EA9}.Release|Any CPU.ActiveCfg = Release|Any CPU
		{4749CD13-D260-4D6B-90C5-20FF30BF9EA9}.Release|Any CPU.Build.0 = Release|Any CPU
	EndGlobalSection
	GlobalSection(SolutionProperties) = preSolution
		HideSolutionNode = FALSE
	EndGlobalSection
	GlobalSection(ExtensibilityGlobals) = postSolution
		SolutionGuid = {129BD46A-AD8A-4ECF-83A6-135A232E14C9}
	EndGlobalSection
EndGlobal
