
Microsoft Visual Studio Solution File, Format Version 12.00
# Visual Studio Version 16
VisualStudioVersion = 16.0.29920.165
MinimumVisualStudioVersion = 10.0.40219.1
Project("{FAE04EC0-301F-11D3-BF4B-00C04F79EFBC}") = "Shildn_Object", "Shildn_Object\Shildn_Object.csproj", "{98B0A01B-605C-4B4D-B6B1-86E9B63CFC56}"
EndProject
Global
	GlobalSection(SolutionConfigurationPlatforms) = preSolution
		Debug|Any CPU = Debug|Any CPU
		Release|Any CPU = Release|Any CPU
	EndGlobalSection
	GlobalSection(ProjectConfigurationPlatforms) = postSolution
		{98B0A01B-605C-4B4D-B6B1-86E9B63CFC56}.Debug|Any CPU.ActiveCfg = Debug|Any CPU
		{98B0A01B-605C-4B4D-B6B1-86E9B63CFC56}.Debug|Any CPU.Build.0 = Debug|Any CPU
		{98B0A01B-605C-4B4D-B6B1-86E9B63CFC56}.Release|Any CPU.ActiveCfg = Release|Any CPU
		{98B0A01B-605C-4B4D-B6B1-86E9B63CFC56}.Release|Any CPU.Build.0 = Release|Any CPU
	EndGlobalSection
	GlobalSection(SolutionProperties) = preSolution
		HideSolutionNode = FALSE
	EndGlobalSection
	GlobalSection(ExtensibilityGlobals) = postSolution
		SolutionGuid = {644EC36D-D7EE-42FC-AB55-B28BAF918087}
	EndGlobalSection
EndGlobal
