
Microsoft Visual Studio Solution File, Format Version 12.00
# Visual Studio Version 16
VisualStudioVersion = 16.0.29911.84
MinimumVisualStudioVersion = 10.0.40219.1
Project("{FAE04EC0-301F-11D3-BF4B-00C04F79EFBC}") = "Troelsen_Inheritance", "Troelsen_Inheritance\Troelsen_Inheritance.csproj", "{69785317-9A9A-4331-9E14-087E184D1680}"
EndProject
Global
	GlobalSection(SolutionConfigurationPlatforms) = preSolution
		Debug|Any CPU = Debug|Any CPU
		Release|Any CPU = Release|Any CPU
	EndGlobalSection
	GlobalSection(ProjectConfigurationPlatforms) = postSolution
		{69785317-9A9A-4331-9E14-087E184D1680}.Debug|Any CPU.ActiveCfg = Debug|Any CPU
		{69785317-9A9A-4331-9E14-087E184D1680}.Debug|Any CPU.Build.0 = Debug|Any CPU
		{69785317-9A9A-4331-9E14-087E184D1680}.Release|Any CPU.ActiveCfg = Release|Any CPU
		{69785317-9A9A-4331-9E14-087E184D1680}.Release|Any CPU.Build.0 = Release|Any CPU
	EndGlobalSection
	GlobalSection(SolutionProperties) = preSolution
		HideSolutionNode = FALSE
	EndGlobalSection
	GlobalSection(ExtensibilityGlobals) = postSolution
		SolutionGuid = {7987E290-F549-4149-8520-C938B29AB0DB}
	EndGlobalSection
EndGlobal
