
Microsoft Visual Studio Solution File, Format Version 12.00
# Visual Studio Version 16
VisualStudioVersion = 16.0.29709.97
MinimumVisualStudioVersion = 10.0.40219.1
Project("{FAE04EC0-301F-11D3-BF4B-00C04F79EFBC}") = "Troelsen_encapsulation_02", "Troelsen_encapsulation.02\Troelsen_encapsulation_02.csproj", "{25D70336-0C9B-4980-86F4-ACF214DF4D67}"
EndProject
Global
	GlobalSection(SolutionConfigurationPlatforms) = preSolution
		Debug|Any CPU = Debug|Any CPU
		Release|Any CPU = Release|Any CPU
	EndGlobalSection
	GlobalSection(ProjectConfigurationPlatforms) = postSolution
		{25D70336-0C9B-4980-86F4-ACF214DF4D67}.Debug|Any CPU.ActiveCfg = Debug|Any CPU
		{25D70336-0C9B-4980-86F4-ACF214DF4D67}.Debug|Any CPU.Build.0 = Debug|Any CPU
		{25D70336-0C9B-4980-86F4-ACF214DF4D67}.Release|Any CPU.ActiveCfg = Release|Any CPU
		{25D70336-0C9B-4980-86F4-ACF214DF4D67}.Release|Any CPU.Build.0 = Release|Any CPU
	EndGlobalSection
	GlobalSection(SolutionProperties) = preSolution
		HideSolutionNode = FALSE
	EndGlobalSection
	GlobalSection(ExtensibilityGlobals) = postSolution
		SolutionGuid = {45C4071A-E835-4C4E-8AC8-36B1BA440CA6}
	EndGlobalSection
EndGlobal
