
Microsoft Visual Studio Solution File, Format Version 12.00
# Visual Studio Version 16
VisualStudioVersion = 16.0.29920.165
MinimumVisualStudioVersion = 10.0.40219.1
Project("{FAE04EC0-301F-11D3-BF4B-00C04F79EFBC}") = "Shildt_inheritance", "Shildt_inheritance\Shildt_inheritance.csproj", "{7F0FA561-4866-4722-B380-F2B4FA8DF714}"
EndProject
Global
	GlobalSection(SolutionConfigurationPlatforms) = preSolution
		Debug|Any CPU = Debug|Any CPU
		Release|Any CPU = Release|Any CPU
	EndGlobalSection
	GlobalSection(ProjectConfigurationPlatforms) = postSolution
		{7F0FA561-4866-4722-B380-F2B4FA8DF714}.Debug|Any CPU.ActiveCfg = Debug|Any CPU
		{7F0FA561-4866-4722-B380-F2B4FA8DF714}.Debug|Any CPU.Build.0 = Debug|Any CPU
		{7F0FA561-4866-4722-B380-F2B4FA8DF714}.Release|Any CPU.ActiveCfg = Release|Any CPU
		{7F0FA561-4866-4722-B380-F2B4FA8DF714}.Release|Any CPU.Build.0 = Release|Any CPU
	EndGlobalSection
	GlobalSection(SolutionProperties) = preSolution
		HideSolutionNode = FALSE
	EndGlobalSection
	GlobalSection(ExtensibilityGlobals) = postSolution
		SolutionGuid = {6BAB6255-C43A-4A00-82CE-F5875EACDF21}
	EndGlobalSection
EndGlobal
