
Microsoft Visual Studio Solution File, Format Version 12.00
# Visual Studio Version 16
VisualStudioVersion = 16.0.29926.136
MinimumVisualStudioVersion = 10.0.40219.1
Project("{FAE04EC0-301F-11D3-BF4B-00C04F79EFBC}") = "_Interface", "_Interface\_Interface.csproj", "{2A538AA1-F12B-4829-B0AA-26374130089D}"
EndProject
Global
	GlobalSection(SolutionConfigurationPlatforms) = preSolution
		Debug|Any CPU = Debug|Any CPU
		Release|Any CPU = Release|Any CPU
	EndGlobalSection
	GlobalSection(ProjectConfigurationPlatforms) = postSolution
		{2A538AA1-F12B-4829-B0AA-26374130089D}.Debug|Any CPU.ActiveCfg = Debug|Any CPU
		{2A538AA1-F12B-4829-B0AA-26374130089D}.Debug|Any CPU.Build.0 = Debug|Any CPU
		{2A538AA1-F12B-4829-B0AA-26374130089D}.Release|Any CPU.ActiveCfg = Release|Any CPU
		{2A538AA1-F12B-4829-B0AA-26374130089D}.Release|Any CPU.Build.0 = Release|Any CPU
	EndGlobalSection
	GlobalSection(SolutionProperties) = preSolution
		HideSolutionNode = FALSE
	EndGlobalSection
	GlobalSection(ExtensibilityGlobals) = postSolution
		SolutionGuid = {1ACCA271-17E2-47C2-8C57-2AC3D0458391}
	EndGlobalSection
EndGlobal
